// !$*UTF8*$!
{
	archiveVersion = 1;
	classes = {
	};
	objectVersion = 55;
	objects = {

/* Begin PBXBuildFile section */
		4B072297288F383E00B36C0C /* LandmarksApp.swift in Sources */ = {isa = PBXBuildFile; fileRef = 4B072296288F383E00B36C0C /* LandmarksApp.swift */; };
		4B072299288F383E00B36C0C /* ContentView.swift in Sources */ = {isa = PBXBuildFile; fileRef = 4B072298288F383E00B36C0C /* ContentView.swift */; };
		4B07229B288F383F00B36C0C /* Assets.xcassets in Resources */ = {isa = PBXBuildFile; fileRef = 4B07229A288F383F00B36C0C /* Assets.xcassets */; };
		4B07229E288F383F00B36C0C /* Preview Assets.xcassets in Resources */ = {isa = PBXBuildFile; fileRef = 4B07229D288F383F00B36C0C /* Preview Assets.xcassets */; };
		4B0722A8288F383F00B36C0C /* LandmarksTests.swift in Sources */ = {isa = PBXBuildFile; fileRef = 4B0722A7288F383F00B36C0C /* LandmarksTests.swift */; };
		4B0722B2288F383F00B36C0C /* LandmarksUITests.swift in Sources */ = {isa = PBXBuildFile; fileRef = 4B0722B1288F383F00B36C0C /* LandmarksUITests.swift */; };
		4B0722B4288F383F00B36C0C /* LandmarksUITestsLaunchTests.swift in Sources */ = {isa = PBXBuildFile; fileRef = 4B0722B3288F383F00B36C0C /* LandmarksUITestsLaunchTests.swift */; };
		4B0722C1288F395300B36C0C /* CircleImage.swift in Sources */ = {isa = PBXBuildFile; fileRef = 4B0722C0288F395300B36C0C /* CircleImage.swift */; };
		4B0722C4288F3AE800B36C0C /* MapView.swift in Sources */ = {isa = PBXBuildFile; fileRef = 4B0722C3288F3AE800B36C0C /* MapView.swift */; };
		4B0722C6288F465A00B36C0C /* landmarkData.json in Resources */ = {isa = PBXBuildFile; fileRef = 4B0722C5288F465A00B36C0C /* landmarkData.json */; };
		4B0722C8288F467700B36C0C /* Landmark.swift in Sources */ = {isa = PBXBuildFile; fileRef = 4B0722C7288F467700B36C0C /* Landmark.swift */; };
		4B0722CA288F4AC000B36C0C /* ModelData.swift in Sources */ = {isa = PBXBuildFile; fileRef = 4B0722C9288F4AC000B36C0C /* ModelData.swift */; };
		4B0722CF288F4E1B00B36C0C /* LandmarkRow.swift in Sources */ = {isa = PBXBuildFile; fileRef = 4B0722CE288F4E1B00B36C0C /* LandmarkRow.swift */; };
		4B0722D1288F4F9F00B36C0C /* LandmarkList.swift in Sources */ = {isa = PBXBuildFile; fileRef = 4B0722D0288F4F9F00B36C0C /* LandmarkList.swift */; };
		4B0722D3288F56A900B36C0C /* LandmarkDetail.swift in Sources */ = {isa = PBXBuildFile; fileRef = 4B0722D2288F56A900B36C0C /* LandmarkDetail.swift */; };
		4B0722D5288F6D6700B36C0C /* FavoriteButton.swift in Sources */ = {isa = PBXBuildFile; fileRef = 4B0722D4288F6D6700B36C0C /* FavoriteButton.swift */; };
		4B0722D8288F71DA00B36C0C /* HexagonParameters.swift in Sources */ = {isa = PBXBuildFile; fileRef = 4B0722D7288F71DA00B36C0C /* HexagonParameters.swift */; };
/* End PBXBuildFile section */

/* Begin PBXContainerItemProxy section */
		4B0722A4288F383F00B36C0C /* PBXContainerItemProxy */ = {
			isa = PBXContainerItemProxy;
			containerPortal = 4B07228B288F383E00B36C0C /* Project object */;
			proxyType = 1;
			remoteGlobalIDString = 4B072292288F383E00B36C0C;
			remoteInfo = Landmarks;
		};
		4B0722AE288F383F00B36C0C /* PBXContainerItemProxy */ = {
			isa = PBXContainerItemProxy;
			containerPortal = 4B07228B288F383E00B36C0C /* Project object */;
			proxyType = 1;
			remoteGlobalIDString = 4B072292288F383E00B36C0C;
			remoteInfo = Landmarks;
		};
/* End PBXContainerItemProxy section */

/* Begin PBXFileReference section */
		4B072293288F383E00B36C0C /* Landmarks.app */ = {isa = PBXFileReference; explicitFileType = wrapper.application; includeInIndex = 0; path = Landmarks.app; sourceTree = BUILT_PRODUCTS_DIR; };
		4B072296288F383E00B36C0C /* LandmarksApp.swift */ = {isa = PBXFileReference; lastKnownFileType = sourcecode.swift; path = LandmarksApp.swift; sourceTree = "<group>"; };
		4B072298288F383E00B36C0C /* ContentView.swift */ = {isa = PBXFileReference; lastKnownFileType = sourcecode.swift; path = ContentView.swift; sourceTree = "<group>"; };
		4B07229A288F383F00B36C0C /* Assets.xcassets */ = {isa = PBXFileReference; lastKnownFileType = folder.assetcatalog; path = Assets.xcassets; sourceTree = "<group>"; };
		4B07229D288F383F00B36C0C /* Preview Assets.xcassets */ = {isa = PBXFileReference; lastKnownFileType = folder.assetcatalog; path = "Preview Assets.xcassets"; sourceTree = "<group>"; };
		4B0722A3288F383F00B36C0C /* LandmarksTests.xctest */ = {isa = PBXFileReference; explicitFileType = wrapper.cfbundle; includeInIndex = 0; path = LandmarksTests.xctest; sourceTree = BUILT_PRODUCTS_DIR; };
		4B0722A7288F383F00B36C0C /* LandmarksTests.swift */ = {isa = PBXFileReference; lastKnownFileType = sourcecode.swift; path = LandmarksTests.swift; sourceTree = "<group>"; };
		4B0722AD288F383F00B36C0C /* LandmarksUITests.xctest */ = {isa = PBXFileReference; explicitFileType = wrapper.cfbundle; includeInIndex = 0; path = LandmarksUITests.xctest; sourceTree = BUILT_PRODUCTS_DIR; };
		4B0722B1288F383F00B36C0C /* LandmarksUITests.swift */ = {isa = PBXFileReference; lastKnownFileType = sourcecode.swift; path = LandmarksUITests.swift; sourceTree = "<group>"; };
		4B0722B3288F383F00B36C0C /* LandmarksUITestsLaunchTests.swift */ = {isa = PBXFileReference; lastKnownFileType = sourcecode.swift; path = LandmarksUITestsLaunchTests.swift; sourceTree = "<group>"; };
		4B0722C0288F395300B36C0C /* CircleImage.swift */ = {isa = PBXFileReference; lastKnownFileType = sourcecode.swift; path = CircleImage.swift; sourceTree = "<group>"; };
		4B0722C2288F3A1400B36C0C /* README.md */ = {isa = PBXFileReference; lastKnownFileType = net.daringfireball.markdown; path = README.md; sourceTree = "<group>"; };
		4B0722C3288F3AE800B36C0C /* MapView.swift */ = {isa = PBXFileReference; lastKnownFileType = sourcecode.swift; path = MapView.swift; sourceTree = "<group>"; };
		4B0722C5288F465A00B36C0C /* landmarkData.json */ = {isa = PBXFileReference; fileEncoding = 4; lastKnownFileType = text.json; path = landmarkData.json; sourceTree = "<group>"; };
		4B0722C7288F467700B36C0C /* Landmark.swift */ = {isa = PBXFileReference; lastKnownFileType = sourcecode.swift; path = Landmark.swift; sourceTree = "<group>"; };
		4B0722C9288F4AC000B36C0C /* ModelData.swift */ = {isa = PBXFileReference; lastKnownFileType = sourcecode.swift; path = ModelData.swift; sourceTree = "<group>"; };
		4B0722CE288F4E1B00B36C0C /* LandmarkRow.swift */ = {isa = PBXFileReference; lastKnownFileType = sourcecode.swift; path = LandmarkRow.swift; sourceTree = "<group>"; };
		4B0722D0288F4F9F00B36C0C /* LandmarkList.swift */ = {isa = PBXFileReference; lastKnownFileType = sourcecode.swift; path = LandmarkList.swift; sourceTree = "<group>"; };
		4B0722D2288F56A900B36C0C /* LandmarkDetail.swift */ = {isa = PBXFileReference; lastKnownFileType = sourcecode.swift; path = LandmarkDetail.swift; sourceTree = "<group>"; };
		4B0722D4288F6D6700B36C0C /* FavoriteButton.swift */ = {isa = PBXFileReference; lastKnownFileType = sourcecode.swift; path = FavoriteButton.swift; sourceTree = "<group>"; };
		4B0722D7288F71DA00B36C0C /* HexagonParameters.swift */ = {isa = PBXFileReference; lastKnownFileType = sourcecode.swift; path = HexagonParameters.swift; sourceTree = "<group>"; };
/* End PBXFileReference section */

/* Begin PBXFrameworksBuildPhase section */
		4B072290288F383E00B36C0C /* Frameworks */ = {
			isa = PBXFrameworksBuildPhase;
			buildActionMask = 2147483647;
			files = (
			);
			runOnlyForDeploymentPostprocessing = 0;
		};
		4B0722A0288F383F00B36C0C /* Frameworks */ = {
			isa = PBXFrameworksBuildPhase;
			buildActionMask = 2147483647;
			files = (
			);
			runOnlyForDeploymentPostprocessing = 0;
		};
		4B0722AA288F383F00B36C0C /* Frameworks */ = {
			isa = PBXFrameworksBuildPhase;
			buildActionMask = 2147483647;
			files = (
			);
			runOnlyForDeploymentPostprocessing = 0;
		};
/* End PBXFrameworksBuildPhase section */

/* Begin PBXGroup section */
		4B07228A288F383E00B36C0C = {
			isa = PBXGroup;
			children = (
				4B072295288F383E00B36C0C /* Landmarks */,
				4B0722A6288F383F00B36C0C /* LandmarksTests */,
				4B0722B0288F383F00B36C0C /* LandmarksUITests */,
				4B0722C2288F3A1400B36C0C /* README.md */,
				4B072294288F383E00B36C0C /* Products */,
			);
			sourceTree = "<group>";
		};
		4B072294288F383E00B36C0C /* Products */ = {
			isa = PBXGroup;
			children = (
				4B072293288F383E00B36C0C /* Landmarks.app */,
				4B0722A3288F383F00B36C0C /* LandmarksTests.xctest */,
				4B0722AD288F383F00B36C0C /* LandmarksUITests.xctest */,
			);
			name = Products;
			sourceTree = "<group>";
		};
		4B072295288F383E00B36C0C /* Landmarks */ = {
			isa = PBXGroup;
			children = (
				4B072296288F383E00B36C0C /* LandmarksApp.swift */,
				4B0722D6288F6E8000B36C0C /* Helpers */,
				4B0722CD288F4CE700B36C0C /* Resources */,
				4B0722CC288F4CCC00B36C0C /* Model */,
				4B0722CB288F4CA800B36C0C /* Views */,
				4B07229A288F383F00B36C0C /* Assets.xcassets */,
				4B07229C288F383F00B36C0C /* Preview Content */,
			);
			path = Landmarks;
			sourceTree = "<group>";
		};
		4B07229C288F383F00B36C0C /* Preview Content */ = {
			isa = PBXGroup;
			children = (
				4B07229D288F383F00B36C0C /* Preview Assets.xcassets */,
			);
			path = "Preview Content";
			sourceTree = "<group>";
		};
		4B0722A6288F383F00B36C0C /* LandmarksTests */ = {
			isa = PBXGroup;
			children = (
				4B0722A7288F383F00B36C0C /* LandmarksTests.swift */,
			);
			path = LandmarksTests;
			sourceTree = "<group>";
		};
		4B0722B0288F383F00B36C0C /* LandmarksUITests */ = {
			isa = PBXGroup;
			children = (
				4B0722B1288F383F00B36C0C /* LandmarksUITests.swift */,
				4B0722B3288F383F00B36C0C /* LandmarksUITestsLaunchTests.swift */,
			);
			path = LandmarksUITests;
			sourceTree = "<group>";
		};
		4B0722CB288F4CA800B36C0C /* Views */ = {
			isa = PBXGroup;
			children = (
				4B072298288F383E00B36C0C /* ContentView.swift */,
				4B0722CE288F4E1B00B36C0C /* LandmarkRow.swift */,
				4B0722D0288F4F9F00B36C0C /* LandmarkList.swift */,
				4B0722D2288F56A900B36C0C /* LandmarkDetail.swift */,
				4B0722D7288F71DA00B36C0C /* HexagonParameters.swift */,
			);
			path = Views;
			sourceTree = "<group>";
		};
		4B0722CC288F4CCC00B36C0C /* Model */ = {
			isa = PBXGroup;
			children = (
				4B0722C9288F4AC000B36C0C /* ModelData.swift */,
				4B0722C7288F467700B36C0C /* Landmark.swift */,
			);
			path = Model;
			sourceTree = "<group>";
		};
		4B0722CD288F4CE700B36C0C /* Resources */ = {
			isa = PBXGroup;
			children = (
				4B0722C5288F465A00B36C0C /* landmarkData.json */,
			);
			path = Resources;
			sourceTree = "<group>";
		};
		4B0722D6288F6E8000B36C0C /* Helpers */ = {
			isa = PBXGroup;
			children = (
				4B0722C3288F3AE800B36C0C /* MapView.swift */,
				4B0722C0288F395300B36C0C /* CircleImage.swift */,
				4B0722D4288F6D6700B36C0C /* FavoriteButton.swift */,
			);
			path = Helpers;
			sourceTree = "<group>";
		};
/* End PBXGroup section */

/* Begin PBXNativeTarget section */
		4B072292288F383E00B36C0C /* Landmarks */ = {
			isa = PBXNativeTarget;
			buildConfigurationList = 4B0722B7288F383F00B36C0C /* Build configuration list for PBXNativeTarget "Landmarks" */;
			buildPhases = (
				4B07228F288F383E00B36C0C /* Sources */,
				4B072290288F383E00B36C0C /* Frameworks */,
				4B072291288F383E00B36C0C /* Resources */,
			);
			buildRules = (
			);
			dependencies = (
			);
			name = Landmarks;
			productName = Landmarks;
			productReference = 4B072293288F383E00B36C0C /* Landmarks.app */;
			productType = "com.apple.product-type.application";
		};
		4B0722A2288F383F00B36C0C /* LandmarksTests */ = {
			isa = PBXNativeTarget;
			buildConfigurationList = 4B0722BA288F383F00B36C0C /* Build configuration list for PBXNativeTarget "LandmarksTests" */;
			buildPhases = (
				4B07229F288F383F00B36C0C /* Sources */,
				4B0722A0288F383F00B36C0C /* Frameworks */,
				4B0722A1288F383F00B36C0C /* Resources */,
			);
			buildRules = (
			);
			dependencies = (
				4B0722A5288F383F00B36C0C /* PBXTargetDependency */,
			);
			name = LandmarksTests;
			productName = LandmarksTests;
			productReference = 4B0722A3288F383F00B36C0C /* LandmarksTests.xctest */;
			productType = "com.apple.product-type.bundle.unit-test";
		};
		4B0722AC288F383F00B36C0C /* LandmarksUITests */ = {
			isa = PBXNativeTarget;
			buildConfigurationList = 4B0722BD288F383F00B36C0C /* Build configuration list for PBXNativeTarget "LandmarksUITests" */;
			buildPhases = (
				4B0722A9288F383F00B36C0C /* Sources */,
				4B0722AA288F383F00B36C0C /* Frameworks */,
				4B0722AB288F383F00B36C0C /* Resources */,
			);
			buildRules = (
			);
			dependencies = (
				4B0722AF288F383F00B36C0C /* PBXTargetDependency */,
			);
			name = LandmarksUITests;
			productName = LandmarksUITests;
			productReference = 4B0722AD288F383F00B36C0C /* LandmarksUITests.xctest */;
			productType = "com.apple.product-type.bundle.ui-testing";
		};
/* End PBXNativeTarget section */

/* Begin PBXProject section */
		4B07228B288F383E00B36C0C /* Project object */ = {
			isa = PBXProject;
			attributes = {
				BuildIndependentTargetsInParallel = 1;
				LastSwiftUpdateCheck = 1340;
				LastUpgradeCheck = 1340;
				TargetAttributes = {
					4B072292288F383E00B36C0C = {
						CreatedOnToolsVersion = 13.4.1;
					};
					4B0722A2288F383F00B36C0C = {
						CreatedOnToolsVersion = 13.4.1;
						TestTargetID = 4B072292288F383E00B36C0C;
					};
					4B0722AC288F383F00B36C0C = {
						CreatedOnToolsVersion = 13.4.1;
						TestTargetID = 4B072292288F383E00B36C0C;
					};
				};
			};
			buildConfigurationList = 4B07228E288F383E00B36C0C /* Build configuration list for PBXProject "Landmarks" */;
			compatibilityVersion = "Xcode 13.0";
			developmentRegion = en;
			hasScannedForEncodings = 0;
			knownRegions = (
				en,
				Base,
			);
			mainGroup = 4B07228A288F383E00B36C0C;
			productRefGroup = 4B072294288F383E00B36C0C /* Products */;
			projectDirPath = "";
			projectRoot = "";
			targets = (
				4B072292288F383E00B36C0C /* Landmarks */,
				4B0722A2288F383F00B36C0C /* LandmarksTests */,
				4B0722AC288F383F00B36C0C /* LandmarksUITests */,
			);
		};
/* End PBXProject section */

/* Begin PBXResourcesBuildPhase section */
		4B072291288F383E00B36C0C /* Resources */ = {
			isa = PBXResourcesBuildPhase;
			buildActionMask = 2147483647;
			files = (
				4B07229E288F383F00B36C0C /* Preview Assets.xcassets in Resources */,
				4B07229B288F383F00B36C0C /* Assets.xcassets in Resources */,
				4B0722C6288F465A00B36C0C /* landmarkData.json in Resources */,
			);
			runOnlyForDeploymentPostprocessing = 0;
		};
		4B0722A1288F383F00B36C0C /* Resources */ = {
			isa = PBXResourcesBuildPhase;
			buildActionMask = 2147483647;
			files = (
			);
			runOnlyForDeploymentPostprocessing = 0;
		};
		4B0722AB288F383F00B36C0C /* Resources */ = {
			isa = PBXResourcesBuildPhase;
			buildActionMask = 2147483647;
			files = (
			);
			runOnlyForDeploymentPostprocessing = 0;
		};
/* End PBXResourcesBuildPhase section */

/* Begin PBXSourcesBuildPhase section */
		4B07228F288F383E00B36C0C /* Sources */ = {
			isa = PBXSourcesBuildPhase;
			buildActionMask = 2147483647;
			files = (
				4B072299288F383E00B36C0C /* ContentView.swift in Sources */,
				4B0722C4288F3AE800B36C0C /* MapView.swift in Sources */,
				4B072297288F383E00B36C0C /* LandmarksApp.swift in Sources */,
				4B0722D5288F6D6700B36C0C /* FavoriteButton.swift in Sources */,
				4B0722D8288F71DA00B36C0C /* HexagonParameters.swift in Sources */,
				4B0722D1288F4F9F00B36C0C /* LandmarkList.swift in Sources */,
				4B0722D3288F56A900B36C0C /* LandmarkDetail.swift in Sources */,
				4B0722C1288F395300B36C0C /* CircleImage.swift in Sources */,
				4B0722C8288F467700B36C0C /* Landmark.swift in Sources */,
				4B0722CF288F4E1B00B36C0C /* LandmarkRow.swift in Sources */,
				4B0722CA288F4AC000B36C0C /* ModelData.swift in Sources */,
			);
			runOnlyForDeploymentPostprocessing = 0;
		};
		4B07229F288F383F00B36C0C /* Sources */ = {
			isa = PBXSourcesBuildPhase;
			buildActionMask = 2147483647;
			files = (
				4B0722A8288F383F00B36C0C /* LandmarksTests.swift in Sources */,
			);
			runOnlyForDeploymentPostprocessing = 0;
		};
		4B0722A9288F383F00B36C0C /* Sources */ = {
			isa = PBXSourcesBuildPhase;
			buildActionMask = 2147483647;
			files = (
				4B0722B4288F383F00B36C0C /* LandmarksUITestsLaunchTests.swift in Sources */,
				4B0722B2288F383F00B36C0C /* LandmarksUITests.swift in Sources */,
			);
			runOnlyForDeploymentPostprocessing = 0;
		};
/* End PBXSourcesBuildPhase section */

/* Begin PBXTargetDependency section */
		4B0722A5288F383F00B36C0C /* PBXTargetDependency */ = {
			isa = PBXTargetDependency;
			target = 4B072292288F383E00B36C0C /* Landmarks */;
			targetProxy = 4B0722A4288F383F00B36C0C /* PBXContainerItemProxy */;
		};
		4B0722AF288F383F00B36C0C /* PBXTargetDependency */ = {
			isa = PBXTargetDependency;
			target = 4B072292288F383E00B36C0C /* Landmarks */;
			targetProxy = 4B0722AE288F383F00B36C0C /* PBXContainerItemProxy */;
		};
/* End PBXTargetDependency section */

/* Begin XCBuildConfiguration section */
		4B0722B5288F383F00B36C0C /* Debug */ = {
			isa = XCBuildConfiguration;
			buildSettings = {
				ALWAYS_SEARCH_USER_PATHS = NO;
				CLANG_ANALYZER_NONNULL = YES;
				CLANG_ANALYZER_NUMBER_OBJECT_CONVERSION = YES_AGGRESSIVE;
				CLANG_CXX_LANGUAGE_STANDARD = "gnu++17";
				CLANG_ENABLE_MODULES = YES;
				CLANG_ENABLE_OBJC_ARC = YES;
				CLANG_ENABLE_OBJC_WEAK = YES;
				CLANG_WARN_BLOCK_CAPTURE_AUTORELEASING = YES;
				CLANG_WARN_BOOL_CONVERSION = YES;
				CLANG_WARN_COMMA = YES;
				CLANG_WARN_CONSTANT_CONVERSION = YES;
				CLANG_WARN_DEPRECATED_OBJC_IMPLEMENTATIONS = YES;
				CLANG_WARN_DIRECT_OBJC_ISA_USAGE = YES_ERROR;
				CLANG_WARN_DOCUMENTATION_COMMENTS = YES;
				CLANG_WARN_EMPTY_BODY = YES;
				CLANG_WARN_ENUM_CONVERSION = YES;
				CLANG_WARN_INFINITE_RECURSION = YES;
				CLANG_WARN_INT_CONVERSION = YES;
				CLANG_WARN_NON_LITERAL_NULL_CONVERSION = YES;
				CLANG_WARN_OBJC_IMPLICIT_RETAIN_SELF = YES;
				CLANG_WARN_OBJC_LITERAL_CONVERSION = YES;
				CLANG_WARN_OBJC_ROOT_CLASS = YES_ERROR;
				CLANG_WARN_QUOTED_INCLUDE_IN_FRAMEWORK_HEADER = YES;
				CLANG_WARN_RANGE_LOOP_ANALYSIS = YES;
				CLANG_WARN_STRICT_PROTOTYPES = YES;
				CLANG_WARN_SUSPICIOUS_MOVE = YES;
				CLANG_WARN_UNGUARDED_AVAILABILITY = YES_AGGRESSIVE;
				CLANG_WARN_UNREACHABLE_CODE = YES;
				CLANG_WARN__DUPLICATE_METHOD_MATCH = YES;
				COPY_PHASE_STRIP = NO;
				DEBUG_INFORMATION_FORMAT = dwarf;
				ENABLE_STRICT_OBJC_MSGSEND = YES;
				ENABLE_TESTABILITY = YES;
				GCC_C_LANGUAGE_STANDARD = gnu11;
				GCC_DYNAMIC_NO_PIC = NO;
				GCC_NO_COMMON_BLOCKS = YES;
				GCC_OPTIMIZATION_LEVEL = 0;
				GCC_PREPROCESSOR_DEFINITIONS = (
					"DEBUG=1",
					"$(inherited)",
				);
				GCC_WARN_64_TO_32_BIT_CONVERSION = YES;
				GCC_WARN_ABOUT_RETURN_TYPE = YES_ERROR;
				GCC_WARN_UNDECLARED_SELECTOR = YES;
				GCC_WARN_UNINITIALIZED_AUTOS = YES_AGGRESSIVE;
				GCC_WARN_UNUSED_FUNCTION = YES;
				GCC_WARN_UNUSED_VARIABLE = YES;
				IPHONEOS_DEPLOYMENT_TARGET = 15.5;
				MTL_ENABLE_DEBUG_INFO = INCLUDE_SOURCE;
				MTL_FAST_MATH = YES;
				ONLY_ACTIVE_ARCH = YES;
				SDKROOT = iphoneos;
				SWIFT_ACTIVE_COMPILATION_CONDITIONS = DEBUG;
				SWIFT_OPTIMIZATION_LEVEL = "-Onone";
			};
			name = Debug;
		};
		4B0722B6288F383F00B36C0C /* Release */ = {
			isa = XCBuildConfiguration;
			buildSettings = {
				ALWAYS_SEARCH_USER_PATHS = NO;
				CLANG_ANALYZER_NONNULL = YES;
				CLANG_ANALYZER_NUMBER_OBJECT_CONVERSION = YES_AGGRESSIVE;
				CLANG_CXX_LANGUAGE_STANDARD = "gnu++17";
				CLANG_ENABLE_MODULES = YES;
				CLANG_ENABLE_OBJC_ARC = YES;
				CLANG_ENABLE_OBJC_WEAK = YES;
				CLANG_WARN_BLOCK_CAPTURE_AUTORELEASING = YES;
				CLANG_WARN_BOOL_CONVERSION = YES;
				CLANG_WARN_COMMA = YES;
				CLANG_WARN_CONSTANT_CONVERSION = YES;
				CLANG_WARN_DEPRECATED_OBJC_IMPLEMENTATIONS = YES;
				CLANG_WARN_DIRECT_OBJC_ISA_USAGE = YES_ERROR;
				CLANG_WARN_DOCUMENTATION_COMMENTS = YES;
				CLANG_WARN_EMPTY_BODY = YES;
				CLANG_WARN_ENUM_CONVERSION = YES;
				CLANG_WARN_INFINITE_RECURSION = YES;
				CLANG_WARN_INT_CONVERSION = YES;
				CLANG_WARN_NON_LITERAL_NULL_CONVERSION = YES;
				CLANG_WARN_OBJC_IMPLICIT_RETAIN_SELF = YES;
				CLANG_WARN_OBJC_LITERAL_CONVERSION = YES;
				CLANG_WARN_OBJC_ROOT_CLASS = YES_ERROR;
				CLANG_WARN_QUOTED_INCLUDE_IN_FRAMEWORK_HEADER = YES;
				CLANG_WARN_RANGE_LOOP_ANALYSIS = YES;
				CLANG_WARN_STRICT_PROTOTYPES = YES;
				CLANG_WARN_SUSPICIOUS_MOVE = YES;
				CLANG_WARN_UNGUARDED_AVAILABILITY = YES_AGGRESSIVE;
				CLANG_WARN_UNREACHABLE_CODE = YES;
				CLANG_WARN__DUPLICATE_METHOD_MATCH = YES;
				COPY_PHASE_STRIP = NO;
				DEBUG_INFORMATION_FORMAT = "dwarf-with-dsym";
				ENABLE_NS_ASSERTIONS = NO;
				ENABLE_STRICT_OBJC_MSGSEND = YES;
				GCC_C_LANGUAGE_STANDARD = gnu11;
				GCC_NO_COMMON_BLOCKS = YES;
				GCC_WARN_64_TO_32_BIT_CONVERSION = YES;
				GCC_WARN_ABOUT_RETURN_TYPE = YES_ERROR;
				GCC_WARN_UNDECLARED_SELECTOR = YES;
				GCC_WARN_UNINITIALIZED_AUTOS = YES_AGGRESSIVE;
				GCC_WARN_UNUSED_FUNCTION = YES;
				GCC_WARN_UNUSED_VARIABLE = YES;
				IPHONEOS_DEPLOYMENT_TARGET = 15.5;
				MTL_ENABLE_DEBUG_INFO = NO;
				MTL_FAST_MATH = YES;
				SDKROOT = iphoneos;
				SWIFT_COMPILATION_MODE = wholemodule;
				SWIFT_OPTIMIZATION_LEVEL = "-O";
				VALIDATE_PRODUCT = YES;
			};
			name = Release;
		};
		4B0722B8288F383F00B36C0C /* Debug */ = {
			isa = XCBuildConfiguration;
			buildSettings = {
				ASSETCATALOG_COMPILER_APPICON_NAME = AppIcon;
				ASSETCATALOG_COMPILER_GLOBAL_ACCENT_COLOR_NAME = AccentColor;
				CODE_SIGN_STYLE = Automatic;
				CURRENT_PROJECT_VERSION = 1;
				DEVELOPMENT_ASSET_PATHS = "\"Landmarks/Preview Content\"";
				DEVELOPMENT_TEAM = GRBS89LL5W;
				ENABLE_PREVIEWS = YES;
				GENERATE_INFOPLIST_FILE = YES;
				INFOPLIST_KEY_UIApplicationSceneManifest_Generation = YES;
				INFOPLIST_KEY_UIApplicationSupportsIndirectInputEvents = YES;
				INFOPLIST_KEY_UILaunchScreen_Generation = YES;
				INFOPLIST_KEY_UISupportedInterfaceOrientations_iPad = "UIInterfaceOrientationPortrait UIInterfaceOrientationPortraitUpsideDown UIInterfaceOrientationLandscapeLeft UIInterfaceOrientationLandscapeRight";
				INFOPLIST_KEY_UISupportedInterfaceOrientations_iPhone = "UIInterfaceOrientationPortrait UIInterfaceOrientationLandscapeLeft UIInterfaceOrientationLandscapeRight";
				LD_RUNPATH_SEARCH_PATHS = (
					"$(inherited)",
					"@executable_path/Frameworks",
				);
				MARKETING_VERSION = 1.0;
				PRODUCT_BUNDLE_IDENTIFIER = self.Landmarks;
				PRODUCT_NAME = "$(TARGET_NAME)";
				SWIFT_EMIT_LOC_STRINGS = YES;
				SWIFT_VERSION = 5.0;
				TARGETED_DEVICE_FAMILY = "1,2";
			};
			name = Debug;
		};
		4B0722B9288F383F00B36C0C /* Release */ = {
			isa = XCBuildConfiguration;
			buildSettings = {
				ASSETCATALOG_COMPILER_APPICON_NAME = AppIcon;
				ASSETCATALOG_COMPILER_GLOBAL_ACCENT_COLOR_NAME = AccentColor;
				CODE_SIGN_STYLE = Automatic;
				CURRENT_PROJECT_VERSION = 1;
				DEVELOPMENT_ASSET_PATHS = "\"Landmarks/Preview Content\"";
				DEVELOPMENT_TEAM = GRBS89LL5W;
				ENABLE_PREVIEWS = YES;
				GENERATE_INFOPLIST_FILE = YES;
				INFOPLIST_KEY_UIApplicationSceneManifest_Generation = YES;
				INFOPLIST_KEY_UIApplicationSupportsIndirectInputEvents = YES;
				INFOPLIST_KEY_UILaunchScreen_Generation = YES;
				INFOPLIST_KEY_UISupportedInterfaceOrientations_iPad = "UIInterfaceOrientationPortrait UIInterfaceOrientationPortraitUpsideDown UIInterfaceOrientationLandscapeLeft UIInterfaceOrientationLandscapeRight";
				INFOPLIST_KEY_UISupportedInterfaceOrientations_iPhone = "UIInterfaceOrientationPortrait UIInterfaceOrientationLandscapeLeft UIInterfaceOrientationLandscapeRight";
				LD_RUNPATH_SEARCH_PATHS = (
					"$(inherited)",
					"@executable_path/Frameworks",
				);
				MARKETING_VERSION = 1.0;
				PRODUCT_BUNDLE_IDENTIFIER = self.Landmarks;
				PRODUCT_NAME = "$(TARGET_NAME)";
				SWIFT_EMIT_LOC_STRINGS = YES;
				SWIFT_VERSION = 5.0;
				TARGETED_DEVICE_FAMILY = "1,2";
			};
			name = Release;
		};
		4B0722BB288F383F00B36C0C /* Debug */ = {
			isa = XCBuildConfiguration;
			buildSettings = {
				ALWAYS_EMBED_SWIFT_STANDARD_LIBRARIES = YES;
				BUNDLE_LOADER = "$(TEST_HOST)";
				CODE_SIGN_STYLE = Automatic;
				CURRENT_PROJECT_VERSION = 1;
				DEVELOPMENT_TEAM = GRBS89LL5W;
				GENERATE_INFOPLIST_FILE = YES;
				IPHONEOS_DEPLOYMENT_TARGET = 15.5;
				MARKETING_VERSION = 1.0;
				PRODUCT_BUNDLE_IDENTIFIER = self.LandmarksTests;
				PRODUCT_NAME = "$(TARGET_NAME)";
				SWIFT_EMIT_LOC_STRINGS = NO;
				SWIFT_VERSION = 5.0;
				TARGETED_DEVICE_FAMILY = "1,2";
				TEST_HOST = "$(BUILT_PRODUCTS_DIR)/Landmarks.app/Landmarks";
			};
			name = Debug;
		};
		4B0722BC288F383F00B36C0C /* Release */ = {
			isa = XCBuildConfiguration;
			buildSettings = {
				ALWAYS_EMBED_SWIFT_STANDARD_LIBRARIES = YES;
				BUNDLE_LOADER = "$(TEST_HOST)";
				CODE_SIGN_STYLE = Automatic;
				CURRENT_PROJECT_VERSION = 1;
				DEVELOPMENT_TEAM = GRBS89LL5W;
				GENERATE_INFOPLIST_FILE = YES;
				IPHONEOS_DEPLOYMENT_TARGET = 15.5;
				MARKETING_VERSION = 1.0;
				PRODUCT_BUNDLE_IDENTIFIER = self.LandmarksTests;
				PRODUCT_NAME = "$(TARGET_NAME)";
				SWIFT_EMIT_LOC_STRINGS = NO;
				SWIFT_VERSION = 5.0;
				TARGETED_DEVICE_FAMILY = "1,2";
				TEST_HOST = "$(BUILT_PRODUCTS_DIR)/Landmarks.app/Landmarks";
			};
			name = Release;
		};
		4B0722BE288F383F00B36C0C /* Debug */ = {
			isa = XCBuildConfiguration;
			buildSettings = {
				ALWAYS_EMBED_SWIFT_STANDARD_LIBRARIES = YES;
				CODE_SIGN_STYLE = Automatic;
				CURRENT_PROJECT_VERSION = 1;
				DEVELOPMENT_TEAM = GRBS89LL5W;
				GENERATE_INFOPLIST_FILE = YES;
				MARKETING_VERSION = 1.0;
				PRODUCT_BUNDLE_IDENTIFIER = self.LandmarksUITests;
				PRODUCT_NAME = "$(TARGET_NAME)";
				SWIFT_EMIT_LOC_STRINGS = NO;
				SWIFT_VERSION = 5.0;
				TARGETED_DEVICE_FAMILY = "1,2";
				TEST_TARGET_NAME = Landmarks;
			};
			name = Debug;
		};
		4B0722BF288F383F00B36C0C /* Release */ = {
			isa = XCBuildConfiguration;
			buildSettings = {
				ALWAYS_EMBED_SWIFT_STANDARD_LIBRARIES = YES;
				CODE_SIGN_STYLE = Automatic;
				CURRENT_PROJECT_VERSION = 1;
				DEVELOPMENT_TEAM = GRBS89LL5W;
				GENERATE_INFOPLIST_FILE = YES;
				MARKETING_VERSION = 1.0;
				PRODUCT_BUNDLE_IDENTIFIER = self.LandmarksUITests;
				PRODUCT_NAME = "$(TARGET_NAME)";
				SWIFT_EMIT_LOC_STRINGS = NO;
				SWIFT_VERSION = 5.0;
				TARGETED_DEVICE_FAMILY = "1,2";
				TEST_TARGET_NAME = Landmarks;
			};
			name = Release;
		};
/* End XCBuildConfiguration section */

/* Begin XCConfigurationList section */
		4B07228E288F383E00B36C0C /* Build configuration list for PBXProject "Landmarks" */ = {
			isa = XCConfigurationList;
			buildConfigurations = (
				4B0722B5288F383F00B36C0C /* Debug */,
				4B0722B6288F383F00B36C0C /* Release */,
			);
			defaultConfigurationIsVisible = 0;
			defaultConfigurationName = Release;
		};
		4B0722B7288F383F00B36C0C /* Build configuration list for PBXNativeTarget "Landmarks" */ = {
			isa = XCConfigurationList;
			buildConfigurations = (
				4B0722B8288F383F00B36C0C /* Debug */,
				4B0722B9288F383F00B36C0C /* Release */,
			);
			defaultConfigurationIsVisible = 0;
			defaultConfigurationName = Release;
		};
		4B0722BA288F383F00B36C0C /* Build configuration list for PBXNativeTarget "LandmarksTests" */ = {
			isa = XCConfigurationList;
			buildConfigurations = (
				4B0722BB288F383F00B36C0C /* Debug */,
				4B0722BC288F383F00B36C0C /* Release */,
			);
			defaultConfigurationIsVisible = 0;
			defaultConfigurationName = Release;
		};
		4B0722BD288F383F00B36C0C /* Build configuration list for PBXNativeTarget "LandmarksUITests" */ = {
			isa = XCConfigurationList;
			buildConfigurations = (
				4B0722BE288F383F00B36C0C /* Debug */,
				4B0722BF288F383F00B36C0C /* Release */,
			);
			defaultConfigurationIsVisible = 0;
			defaultConfigurationName = Release;
		};
/* End XCConfigurationList section */
	};
	rootObject = 4B07228B288F383E00B36C0C /* Project object */;
}
